
Microsoft Visual Studio Solution File, Format Version 12.00
# Visual Studio Version 17
VisualStudioVersion = 17.5.33627.172
MinimumVisualStudioVersion = 10.0.40219.1
Project("{FAE04EC0-301F-11D3-BF4B-00C04F79EFBC}") = "DataAccess", "DataAccess\DataAccess.csproj", "{14965EB9-AD33-4539-AA40-EB9FE9308DEA}"
EndProject
Project("{FAE04EC0-301F-11D3-BF4B-00C04F79EFBC}") = "BusinessObject", "BusinessObject\BusinessObject.csproj", "{46AF931F-1854-4F4E-8412-95549FD905F5}"
EndProject
Project("{FAE04EC0-301F-11D3-BF4B-00C04F79EFBC}") = "SalesWPFApp", "SalesWPFApp\SalesWPFApp.csproj", "{554DC855-418C-406A-B182-445B774E4108}"
EndProject
Project("{2150E333-8FDC-42A3-9474-1A3956D46DE8}") = "1. Presentation Layer", "1. Presentation Layer", "{5E2D5E0F-8E95-42FE-B3F7-DFD1C744D462}"
EndProject
Project("{2150E333-8FDC-42A3-9474-1A3956D46DE8}") = "2. Business Layer", "2. Business Layer", "{12B8C172-86EE-4AD1-B589-9BFCC06D6FED}"
EndProject
Project("{2150E333-8FDC-42A3-9474-1A3956D46DE8}") = "3. Data Layer", "3. Data Layer", "{E72E0024-AE52-43AC-AB5B-82BED04DFB0C}"
EndProject
Global
	GlobalSection(SolutionConfigurationPlatforms) = preSolution
		Debug|Any CPU = Debug|Any CPU
		Release|Any CPU = Release|Any CPU
	EndGlobalSection
	GlobalSection(ProjectConfigurationPlatforms) = postSolution
		{14965EB9-AD33-4539-AA40-EB9FE9308DEA}.Debug|Any CPU.ActiveCfg = Debug|Any CPU
		{14965EB9-AD33-4539-AA40-EB9FE9308DEA}.Debug|Any CPU.Build.0 = Debug|Any CPU
		{14965EB9-AD33-4539-AA40-EB9FE9308DEA}.Release|Any CPU.ActiveCfg = Release|Any CPU
		{14965EB9-AD33-4539-AA40-EB9FE9308DEA}.Release|Any CPU.Build.0 = Release|Any CPU
		{46AF931F-1854-4F4E-8412-95549FD905F5}.Debug|Any CPU.ActiveCfg = Debug|Any CPU
		{46AF931F-1854-4F4E-8412-95549FD905F5}.Debug|Any CPU.Build.0 = Debug|Any CPU
		{46AF931F-1854-4F4E-8412-95549FD905F5}.Release|Any CPU.ActiveCfg = Release|Any CPU
		{46AF931F-1854-4F4E-8412-95549FD905F5}.Release|Any CPU.Build.0 = Release|Any CPU
		{554DC855-418C-406A-B182-445B774E4108}.Debug|Any CPU.ActiveCfg = Debug|Any CPU
		{554DC855-418C-406A-B182-445B774E4108}.Debug|Any CPU.Build.0 = Debug|Any CPU
		{554DC855-418C-406A-B182-445B774E4108}.Release|Any CPU.ActiveCfg = Release|Any CPU
		{554DC855-418C-406A-B182-445B774E4108}.Release|Any CPU.Build.0 = Release|Any CPU
	EndGlobalSection
	GlobalSection(SolutionProperties) = preSolution
		HideSolutionNode = FALSE
	EndGlobalSection
	GlobalSection(NestedProjects) = preSolution
		{14965EB9-AD33-4539-AA40-EB9FE9308DEA} = {E72E0024-AE52-43AC-AB5B-82BED04DFB0C}
		{46AF931F-1854-4F4E-8412-95549FD905F5} = {12B8C172-86EE-4AD1-B589-9BFCC06D6FED}
		{554DC855-418C-406A-B182-445B774E4108} = {5E2D5E0F-8E95-42FE-B3F7-DFD1C744D462}
	EndGlobalSection
	GlobalSection(ExtensibilityGlobals) = postSolution
		SolutionGuid = {556F05D2-E74D-4034-BBF9-4C38CF427CF1}
	EndGlobalSection
EndGlobal
